
Microsoft Visual Studio Solution File, Format Version 12.00
# Visual Studio 15
VisualStudioVersion = 15.0.27004.2002
MinimumVisualStudioVersion = 10.0.40219.1
Project("{9A19103F-16F7-4668-BE54-9A1E7A4F7556}") = "BKO", "BKO\BKO.csproj", "{B8018C57-DA44-4ED0-910A-27D9DB2B868D}"
EndProject
Project("{9A19103F-16F7-4668-BE54-9A1E7A4F7556}") = "BKOXUnitTest", "BKOXUnitTest\BKOXUnitTest.csproj", "{6F06692B-E83D-4693-8A9A-113B0725FE57}"
EndProject
Project("{FAE04EC0-301F-11D3-BF4B-00C04F79EFBC}") = "BKO.Domain", "BKO.Domain\BKO.Domain.csproj", "{DBA6387E-326A-4342-A32A-4220563C88CC}"
EndProject
Global
	GlobalSection(SolutionConfigurationPlatforms) = preSolution
		Debug|Any CPU = Debug|Any CPU
		Release|Any CPU = Release|Any CPU
	EndGlobalSection
	GlobalSection(ProjectConfigurationPlatforms) = postSolution
		{B8018C57-DA44-4ED0-910A-27D9DB2B868D}.Debug|Any CPU.ActiveCfg = Debug|Any CPU
		{B8018C57-DA44-4ED0-910A-27D9DB2B868D}.Debug|Any CPU.Build.0 = Debug|Any CPU
		{B8018C57-DA44-4ED0-910A-27D9DB2B868D}.Release|Any CPU.ActiveCfg = Release|Any CPU
		{B8018C57-DA44-4ED0-910A-27D9DB2B868D}.Release|Any CPU.Build.0 = Release|Any CPU
		{6F06692B-E83D-4693-8A9A-113B0725FE57}.Debug|Any CPU.ActiveCfg = Debug|Any CPU
		{6F06692B-E83D-4693-8A9A-113B0725FE57}.Debug|Any CPU.Build.0 = Debug|Any CPU
		{6F06692B-E83D-4693-8A9A-113B0725FE57}.Release|Any CPU.ActiveCfg = Release|Any CPU
		{6F06692B-E83D-4693-8A9A-113B0725FE57}.Release|Any CPU.Build.0 = Release|Any CPU
		{DBA6387E-326A-4342-A32A-4220563C88CC}.Debug|Any CPU.ActiveCfg = Debug|Any CPU
		{DBA6387E-326A-4342-A32A-4220563C88CC}.Debug|Any CPU.Build.0 = Debug|Any CPU
		{DBA6387E-326A-4342-A32A-4220563C88CC}.Release|Any CPU.ActiveCfg = Release|Any CPU
		{DBA6387E-326A-4342-A32A-4220563C88CC}.Release|Any CPU.Build.0 = Release|Any CPU
	EndGlobalSection
	GlobalSection(SolutionProperties) = preSolution
		HideSolutionNode = FALSE
	EndGlobalSection
	GlobalSection(ExtensibilityGlobals) = postSolution
		SolutionGuid = {FF8C28E6-ADB8-4978-902D-281BC2FA0CD7}
	EndGlobalSection
EndGlobal
